// !$*UTF8*$!
{
	archiveVersion = 1;
	classes = {
	};
	objectVersion = 51;
	objects = {

/* Begin PBXBuildFile section */
		1F1F7BC07556832D9ED21CB8 /* Pods_MiraclePillsTests.framework in Frameworks */ = {isa = PBXBuildFile; fileRef = 2B98EA45E31649AB4F1431C5 /* Pods_MiraclePillsTests.framework */; };
		7E1C8633245CDFE4000F86AC /* logo.png in Resources */ = {isa = PBXBuildFile; fileRef = 7E1C8632245CDFE4000F86AC /* logo.png */; };
		7E77869D245BD76D00A98935 /* GoogleService-Info.plist in Resources */ = {isa = PBXBuildFile; fileRef = 7E77869C245BD76D00A98935 /* GoogleService-Info.plist */; };
		7ECED4DE245217C60094DB0E /* AppDelegate.swift in Sources */ = {isa = PBXBuildFile; fileRef = 7ECED4DD245217C60094DB0E /* AppDelegate.swift */; };
		7ECED4E0245217C60094DB0E /* SceneDelegate.swift in Sources */ = {isa = PBXBuildFile; fileRef = 7ECED4DF245217C60094DB0E /* SceneDelegate.swift */; };
		7ECED4E2245217C60094DB0E /* ViewController.swift in Sources */ = {isa = PBXBuildFile; fileRef = 7ECED4E1245217C60094DB0E /* ViewController.swift */; };
		7ECED4E5245217C60094DB0E /* Main.storyboard in Resources */ = {isa = PBXBuildFile; fileRef = 7ECED4E3245217C60094DB0E /* Main.storyboard */; };
		7ECED4E7245217C90094DB0E /* Assets.xcassets in Resources */ = {isa = PBXBuildFile; fileRef = 7ECED4E6245217C90094DB0E /* Assets.xcassets */; };
		7ECED4EA245217C90094DB0E /* LaunchScreen.storyboard in Resources */ = {isa = PBXBuildFile; fileRef = 7ECED4E8245217C90094DB0E /* LaunchScreen.storyboard */; };
		7ECED4F5245217C90094DB0E /* MiraclePillsTests.swift in Sources */ = {isa = PBXBuildFile; fileRef = 7ECED4F4245217C90094DB0E /* MiraclePillsTests.swift */; };
		7ECED500245217C90094DB0E /* MiraclePillsUITests.swift in Sources */ = {isa = PBXBuildFile; fileRef = 7ECED4FF245217C90094DB0E /* MiraclePillsUITests.swift */; };
		9DA8567605E5DA832ECFAFF1 /* Pods_MiraclePills.framework in Frameworks */ = {isa = PBXBuildFile; fileRef = 94DE003178F87B9F0B75C4F4 /* Pods_MiraclePills.framework */; };
		E6F17CF3FA265089A3DA7946 /* Pods_MiraclePills_MiraclePillsUITests.framework in Frameworks */ = {isa = PBXBuildFile; fileRef = A0C6900C7E3E3E3D372E9696 /* Pods_MiraclePills_MiraclePillsUITests.framework */; };
/* End PBXBuildFile section */

/* Begin PBXContainerItemProxy section */
		7ECED4F1245217C90094DB0E /* PBXContainerItemProxy */ = {
			isa = PBXContainerItemProxy;
			containerPortal = 7ECED4D2245217C60094DB0E /* Project object */;
			proxyType = 1;
			remoteGlobalIDString = 7ECED4D9245217C60094DB0E;
			remoteInfo = MiraclePills;
		};
		7ECED4FC245217C90094DB0E /* PBXContainerItemProxy */ = {
			isa = PBXContainerItemProxy;
			containerPortal = 7ECED4D2245217C60094DB0E /* Project object */;
			proxyType = 1;
			remoteGlobalIDString = 7ECED4D9245217C60094DB0E;
			remoteInfo = MiraclePills;
		};
/* End PBXContainerItemProxy section */

/* Begin PBXFileReference section */
		1DF0CD2D7C1816DCEED03723 /* Pods-MiraclePillsTests.debug.xcconfig */ = {isa = PBXFileReference; includeInIndex = 1; lastKnownFileType = text.xcconfig; name = "Pods-MiraclePillsTests.debug.xcconfig"; path = "Target Support Files/Pods-MiraclePillsTests/Pods-MiraclePillsTests.debug.xcconfig"; sourceTree = "<group>"; };
		2929F0DD54E45C6D020C7D71 /* Pods-MiraclePills-MiraclePillsUITests.debug.xcconfig */ = {isa = PBXFileReference; includeInIndex = 1; lastKnownFileType = text.xcconfig; name = "Pods-MiraclePills-MiraclePillsUITests.debug.xcconfig"; path = "Target Support Files/Pods-MiraclePills-MiraclePillsUITests/Pods-MiraclePills-MiraclePillsUITests.debug.xcconfig"; sourceTree = "<group>"; };
		2B98EA45E31649AB4F1431C5 /* Pods_MiraclePillsTests.framework */ = {isa = PBXFileReference; explicitFileType = wrapper.framework; includeInIndex = 0; path = Pods_MiraclePillsTests.framework; sourceTree = BUILT_PRODUCTS_DIR; };
		55D943BAA338EC8F31B5D82A /* Pods-MiraclePillsTests.release.xcconfig */ = {isa = PBXFileReference; includeInIndex = 1; lastKnownFileType = text.xcconfig; name = "Pods-MiraclePillsTests.release.xcconfig"; path = "Target Support Files/Pods-MiraclePillsTests/Pods-MiraclePillsTests.release.xcconfig"; sourceTree = "<group>"; };
		709DF1E8ED6E98ECE99BD199 /* Pods-MiraclePills-MiraclePillsUITests.release.xcconfig */ = {isa = PBXFileReference; includeInIndex = 1; lastKnownFileType = text.xcconfig; name = "Pods-MiraclePills-MiraclePillsUITests.release.xcconfig"; path = "Target Support Files/Pods-MiraclePills-MiraclePillsUITests/Pods-MiraclePills-MiraclePillsUITests.release.xcconfig"; sourceTree = "<group>"; };
		7E1C8632245CDFE4000F86AC /* logo.png */ = {isa = PBXFileReference; lastKnownFileType = image.png; name = logo.png; path = ../../../../Downloads/logo.png; sourceTree = "<group>"; };
		7E77869C245BD76D00A98935 /* GoogleService-Info.plist */ = {isa = PBXFileReference; fileEncoding = 4; lastKnownFileType = text.plist.xml; name = "GoogleService-Info.plist"; path = "../../../../Desktop/GoogleService-Info.plist"; sourceTree = "<group>"; };
		7ECED4DA245217C60094DB0E /* MiraclePills.app */ = {isa = PBXFileReference; explicitFileType = wrapper.application; includeInIndex = 0; path = MiraclePills.app; sourceTree = BUILT_PRODUCTS_DIR; };
		7ECED4DD245217C60094DB0E /* AppDelegate.swift */ = {isa = PBXFileReference; lastKnownFileType = sourcecode.swift; path = AppDelegate.swift; sourceTree = "<group>"; };
		7ECED4DF245217C60094DB0E /* SceneDelegate.swift */ = {isa = PBXFileReference; lastKnownFileType = sourcecode.swift; path = SceneDelegate.swift; sourceTree = "<group>"; };
		7ECED4E1245217C60094DB0E /* ViewController.swift */ = {isa = PBXFileReference; lastKnownFileType = sourcecode.swift; path = ViewController.swift; sourceTree = "<group>"; };
		7ECED4E4245217C60094DB0E /* Base */ = {isa = PBXFileReference; lastKnownFileType = file.storyboard; name = Base; path = Base.lproj/Main.storyboard; sourceTree = "<group>"; };
		7ECED4E6245217C90094DB0E /* Assets.xcassets */ = {isa = PBXFileReference; lastKnownFileType = folder.assetcatalog; path = Assets.xcassets; sourceTree = "<group>"; };
		7ECED4E9245217C90094DB0E /* Base */ = {isa = PBXFileReference; lastKnownFileType = file.storyboard; name = Base; path = Base.lproj/LaunchScreen.storyboard; sourceTree = "<group>"; };
		7ECED4EB245217C90094DB0E /* Info.plist */ = {isa = PBXFileReference; lastKnownFileType = text.plist.xml; path = Info.plist; sourceTree = "<group>"; };
		7ECED4F0245217C90094DB0E /* MiraclePillsTests.xctest */ = {isa = PBXFileReference; explicitFileType = wrapper.cfbundle; includeInIndex = 0; path = MiraclePillsTests.xctest; sourceTree = BUILT_PRODUCTS_DIR; };
		7ECED4F4245217C90094DB0E /* MiraclePillsTests.swift */ = {isa = PBXFileReference; lastKnownFileType = sourcecode.swift; path = MiraclePillsTests.swift; sourceTree = "<group>"; };
		7ECED4F6245217C90094DB0E /* Info.plist */ = {isa = PBXFileReference; lastKnownFileType = text.plist.xml; path = Info.plist; sourceTree = "<group>"; };
		7ECED4FB245217C90094DB0E /* MiraclePillsUITests.xctest */ = {isa = PBXFileReference; explicitFileType = wrapper.cfbundle; includeInIndex = 0; path = MiraclePillsUITests.xctest; sourceTree = BUILT_PRODUCTS_DIR; };
		7ECED4FF245217C90094DB0E /* MiraclePillsUITests.swift */ = {isa = PBXFileReference; lastKnownFileType = sourcecode.swift; path = MiraclePillsUITests.swift; sourceTree = "<group>"; };
		7ECED501245217C90094DB0E /* Info.plist */ = {isa = PBXFileReference; lastKnownFileType = text.plist.xml; path = Info.plist; sourceTree = "<group>"; };
		94DE003178F87B9F0B75C4F4 /* Pods_MiraclePills.framework */ = {isa = PBXFileReference; explicitFileType = wrapper.framework; includeInIndex = 0; path = Pods_MiraclePills.framework; sourceTree = BUILT_PRODUCTS_DIR; };
		A0C6900C7E3E3E3D372E9696 /* Pods_MiraclePills_MiraclePillsUITests.framework */ = {isa = PBXFileReference; explicitFileType = wrapper.framework; includeInIndex = 0; path = Pods_MiraclePills_MiraclePillsUITests.framework; sourceTree = BUILT_PRODUCTS_DIR; };
		CE80CF3B5630D7A59C635D70 /* Pods-MiraclePills.debug.xcconfig */ = {isa = PBXFileReference; includeInIndex = 1; lastKnownFileType = text.xcconfig; name = "Pods-MiraclePills.debug.xcconfig"; path = "Target Support Files/Pods-MiraclePills/Pods-MiraclePills.debug.xcconfig"; sourceTree = "<group>"; };
		DC59D5E253D57B8914E63EAE /* Pods-MiraclePills.release.xcconfig */ = {isa = PBXFileReference; includeInIndex = 1; lastKnownFileType = text.xcconfig; name = "Pods-MiraclePills.release.xcconfig"; path = "Target Support Files/Pods-MiraclePills/Pods-MiraclePills.release.xcconfig"; sourceTree = "<group>"; };
/* End PBXFileReference section */

/* Begin PBXFrameworksBuildPhase section */
		7ECED4D7245217C60094DB0E /* Frameworks */ = {
			isa = PBXFrameworksBuildPhase;
			buildActionMask = 2147483647;
			files = (
				9DA8567605E5DA832ECFAFF1 /* Pods_MiraclePills.framework in Frameworks */,
			);
			runOnlyForDeploymentPostprocessing = 0;
		};
		7ECED4ED245217C90094DB0E /* Frameworks */ = {
			isa = PBXFrameworksBuildPhase;
			buildActionMask = 2147483647;
			files = (
				1F1F7BC07556832D9ED21CB8 /* Pods_MiraclePillsTests.framework in Frameworks */,
			);
			runOnlyForDeploymentPostprocessing = 0;
		};
		7ECED4F8245217C90094DB0E /* Frameworks */ = {
			isa = PBXFrameworksBuildPhase;
			buildActionMask = 2147483647;
			files = (
				E6F17CF3FA265089A3DA7946 /* Pods_MiraclePills_MiraclePillsUITests.framework in Frameworks */,
			);
			runOnlyForDeploymentPostprocessing = 0;
		};
/* End PBXFrameworksBuildPhase section */

/* Begin PBXGroup section */
		47117EC54D2A9C025ED75CBD /* Pods */ = {
			isa = PBXGroup;
			children = (
				CE80CF3B5630D7A59C635D70 /* Pods-MiraclePills.debug.xcconfig */,
				DC59D5E253D57B8914E63EAE /* Pods-MiraclePills.release.xcconfig */,
				2929F0DD54E45C6D020C7D71 /* Pods-MiraclePills-MiraclePillsUITests.debug.xcconfig */,
				709DF1E8ED6E98ECE99BD199 /* Pods-MiraclePills-MiraclePillsUITests.release.xcconfig */,
				1DF0CD2D7C1816DCEED03723 /* Pods-MiraclePillsTests.debug.xcconfig */,
				55D943BAA338EC8F31B5D82A /* Pods-MiraclePillsTests.release.xcconfig */,
			);
			path = Pods;
			sourceTree = "<group>";
		};
		53CE5AB3C4EAC71000120281 /* Frameworks */ = {
			isa = PBXGroup;
			children = (
				94DE003178F87B9F0B75C4F4 /* Pods_MiraclePills.framework */,
				A0C6900C7E3E3E3D372E9696 /* Pods_MiraclePills_MiraclePillsUITests.framework */,
				2B98EA45E31649AB4F1431C5 /* Pods_MiraclePillsTests.framework */,
			);
			name = Frameworks;
			sourceTree = "<group>";
		};
		7ECED4D1245217C60094DB0E = {
			isa = PBXGroup;
			children = (
				7ECED4DC245217C60094DB0E /* MiraclePills */,
				7ECED4F3245217C90094DB0E /* MiraclePillsTests */,
				7ECED4FE245217C90094DB0E /* MiraclePillsUITests */,
				7ECED4DB245217C60094DB0E /* Products */,
				47117EC54D2A9C025ED75CBD /* Pods */,
				53CE5AB3C4EAC71000120281 /* Frameworks */,
			);
			sourceTree = "<group>";
		};
		7ECED4DB245217C60094DB0E /* Products */ = {
			isa = PBXGroup;
			children = (
				7ECED4DA245217C60094DB0E /* MiraclePills.app */,
				7ECED4F0245217C90094DB0E /* MiraclePillsTests.xctest */,
				7ECED4FB245217C90094DB0E /* MiraclePillsUITests.xctest */,
			);
			name = Products;
			sourceTree = "<group>";
		};
		7ECED4DC245217C60094DB0E /* MiraclePills */ = {
			isa = PBXGroup;
			children = (
				7E77869C245BD76D00A98935 /* GoogleService-Info.plist */,
				7ECED4DD245217C60094DB0E /* AppDelegate.swift */,
				7ECED4DF245217C60094DB0E /* SceneDelegate.swift */,
				7ECED4E1245217C60094DB0E /* ViewController.swift */,
				7ECED4E3245217C60094DB0E /* Main.storyboard */,
				7ECED4E6245217C90094DB0E /* Assets.xcassets */,
				7ECED4E8245217C90094DB0E /* LaunchScreen.storyboard */,
				7ECED4EB245217C90094DB0E /* Info.plist */,
				7E1C8632245CDFE4000F86AC /* logo.png */,
			);
			path = MiraclePills;
			sourceTree = "<group>";
		};
		7ECED4F3245217C90094DB0E /* MiraclePillsTests */ = {
			isa = PBXGroup;
			children = (
				7ECED4F4245217C90094DB0E /* MiraclePillsTests.swift */,
				7ECED4F6245217C90094DB0E /* Info.plist */,
			);
			path = MiraclePillsTests;
			sourceTree = "<group>";
		};
		7ECED4FE245217C90094DB0E /* MiraclePillsUITests */ = {
			isa = PBXGroup;
			children = (
				7ECED4FF245217C90094DB0E /* MiraclePillsUITests.swift */,
				7ECED501245217C90094DB0E /* Info.plist */,
			);
			path = MiraclePillsUITests;
			sourceTree = "<group>";
		};
/* End PBXGroup section */

/* Begin PBXNativeTarget section */
		7ECED4D9245217C60094DB0E /* MiraclePills */ = {
			isa = PBXNativeTarget;
			buildConfigurationList = 7ECED504245217C90094DB0E /* Build configuration list for PBXNativeTarget "MiraclePills" */;
			buildPhases = (
				621780D69CFC13E2696F93F5 /* [CP] Check Pods Manifest.lock */,
				7ECED4D6245217C60094DB0E /* Sources */,
				7ECED4D7245217C60094DB0E /* Frameworks */,
				7ECED4D8245217C60094DB0E /* Resources */,
				3059800CA47FF677409A5D99 /* [CP] Embed Pods Frameworks */,
			);
			buildRules = (
			);
			dependencies = (
			);
			name = MiraclePills;
			productName = MiraclePills;
			productReference = 7ECED4DA245217C60094DB0E /* MiraclePills.app */;
			productType = "com.apple.product-type.application";
		};
		7ECED4EF245217C90094DB0E /* MiraclePillsTests */ = {
			isa = PBXNativeTarget;
			buildConfigurationList = 7ECED507245217C90094DB0E /* Build configuration list for PBXNativeTarget "MiraclePillsTests" */;
			buildPhases = (
				1F27AAF60EB679B9678CDA1A /* [CP] Check Pods Manifest.lock */,
				7ECED4EC245217C90094DB0E /* Sources */,
				7ECED4ED245217C90094DB0E /* Frameworks */,
				7ECED4EE245217C90094DB0E /* Resources */,
			);
			buildRules = (
			);
			dependencies = (
				7ECED4F2245217C90094DB0E /* PBXTargetDependency */,
			);
			name = MiraclePillsTests;
			productName = MiraclePillsTests;
			productReference = 7ECED4F0245217C90094DB0E /* MiraclePillsTests.xctest */;
			productType = "com.apple.product-type.bundle.unit-test";
		};
		7ECED4FA245217C90094DB0E /* MiraclePillsUITests */ = {
			isa = PBXNativeTarget;
			buildConfigurationList = 7ECED50A245217C90094DB0E /* Build configuration list for PBXNativeTarget "MiraclePillsUITests" */;
			buildPhases = (
				A3262FCE62385DA2BA7E6883 /* [CP] Check Pods Manifest.lock */,
				7ECED4F7245217C90094DB0E /* Sources */,
				7ECED4F8245217C90094DB0E /* Frameworks */,
				7ECED4F9245217C90094DB0E /* Resources */,
				7B3AB0C8955168E71E8E43CA /* [CP] Embed Pods Frameworks */,
			);
			buildRules = (
			);
			dependencies = (
				7ECED4FD245217C90094DB0E /* PBXTargetDependency */,
			);
			name = MiraclePillsUITests;
			productName = MiraclePillsUITests;
			productReference = 7ECED4FB245217C90094DB0E /* MiraclePillsUITests.xctest */;
			productType = "com.apple.product-type.bundle.ui-testing";
		};
/* End PBXNativeTarget section */

/* Begin PBXProject section */
		7ECED4D2245217C60094DB0E /* Project object */ = {
			isa = PBXProject;
			attributes = {
				LastSwiftUpdateCheck = 1120;
				LastUpgradeCheck = 1120;
				ORGANIZATIONNAME = "Yug Rawal";
				TargetAttributes = {
					7ECED4D9245217C60094DB0E = {
						CreatedOnToolsVersion = 11.2.1;
					};
					7ECED4EF245217C90094DB0E = {
						CreatedOnToolsVersion = 11.2.1;
						TestTargetID = 7ECED4D9245217C60094DB0E;
					};
					7ECED4FA245217C90094DB0E = {
						CreatedOnToolsVersion = 11.2.1;
						TestTargetID = 7ECED4D9245217C60094DB0E;
					};
				};
			};
			buildConfigurationList = 7ECED4D5245217C60094DB0E /* Build configuration list for PBXProject "MiraclePills" */;
			compatibilityVersion = "Xcode 9.3";
			developmentRegion = en;
			hasScannedForEncodings = 0;
			knownRegions = (
				en,
				Base,
			);
			mainGroup = 7ECED4D1245217C60094DB0E;
			productRefGroup = 7ECED4DB245217C60094DB0E /* Products */;
			projectDirPath = "";
			projectRoot = "";
			targets = (
				7ECED4D9245217C60094DB0E /* MiraclePills */,
				7ECED4EF245217C90094DB0E /* MiraclePillsTests */,
				7ECED4FA245217C90094DB0E /* MiraclePillsUITests */,
			);
		};
/* End PBXProject section */

/* Begin PBXResourcesBuildPhase section */
		7ECED4D8245217C60094DB0E /* Resources */ = {
			isa = PBXResourcesBuildPhase;
			buildActionMask = 2147483647;
			files = (
				7ECED4EA245217C90094DB0E /* LaunchScreen.storyboard in Resources */,
				7E1C8633245CDFE4000F86AC /* logo.png in Resources */,
				7E77869D245BD76D00A98935 /* GoogleService-Info.plist in Resources */,
				7ECED4E7245217C90094DB0E /* Assets.xcassets in Resources */,
				7ECED4E5245217C60094DB0E /* Main.storyboard in Resources */,
			);
			runOnlyForDeploymentPostprocessing = 0;
		};
		7ECED4EE245217C90094DB0E /* Resources */ = {
			isa = PBXResourcesBuildPhase;
			buildActionMask = 2147483647;
			files = (
			);
			runOnlyForDeploymentPostprocessing = 0;
		};
		7ECED4F9245217C90094DB0E /* Resources */ = {
			isa = PBXResourcesBuildPhase;
			buildActionMask = 2147483647;
			files = (
			);
			runOnlyForDeploymentPostprocessing = 0;
		};
/* End PBXResourcesBuildPhase section */

/* Begin PBXShellScriptBuildPhase section */
		1F27AAF60EB679B9678CDA1A /* [CP] Check Pods Manifest.lock */ = {
			isa = PBXShellScriptBuildPhase;
			buildActionMask = 2147483647;
			files = (
			);
			inputFileListPaths = (
			);
			inputPaths = (
				"${PODS_PODFILE_DIR_PATH}/Podfile.lock",
				"${PODS_ROOT}/Manifest.lock",
			);
			name = "[CP] Check Pods Manifest.lock";
			outputFileListPaths = (
			);
			outputPaths = (
				"$(DERIVED_FILE_DIR)/Pods-MiraclePillsTests-checkManifestLockResult.txt",
			);
			runOnlyForDeploymentPostprocessing = 0;
			shellPath = /bin/sh;
			shellScript = "diff \"${PODS_PODFILE_DIR_PATH}/Podfile.lock\" \"${PODS_ROOT}/Manifest.lock\" > /dev/null\nif [ $? != 0 ] ; then\n    # print error to STDERR\n    echo \"error: The sandbox is not in sync with the Podfile.lock. Run 'pod install' or update your CocoaPods installation.\" >&2\n    exit 1\nfi\n# This output is used by Xcode 'outputs' to avoid re-running this script phase.\necho \"SUCCESS\" > \"${SCRIPT_OUTPUT_FILE_0}\"\n";
			showEnvVarsInLog = 0;
		};
		3059800CA47FF677409A5D99 /* [CP] Embed Pods Frameworks */ = {
			isa = PBXShellScriptBuildPhase;
			buildActionMask = 2147483647;
			files = (
			);
			inputFileListPaths = (
				"${PODS_ROOT}/Target Support Files/Pods-MiraclePills/Pods-MiraclePills-frameworks-${CONFIGURATION}-input-files.xcfilelist",
			);
			name = "[CP] Embed Pods Frameworks";
			outputFileListPaths = (
				"${PODS_ROOT}/Target Support Files/Pods-MiraclePills/Pods-MiraclePills-frameworks-${CONFIGURATION}-output-files.xcfilelist",
			);
			runOnlyForDeploymentPostprocessing = 0;
			shellPath = /bin/sh;
			shellScript = "\"${PODS_ROOT}/Target Support Files/Pods-MiraclePills/Pods-MiraclePills-frameworks.sh\"\n";
			showEnvVarsInLog = 0;
		};
		621780D69CFC13E2696F93F5 /* [CP] Check Pods Manifest.lock */ = {
			isa = PBXShellScriptBuildPhase;
			buildActionMask = 2147483647;
			files = (
			);
			inputFileListPaths = (
			);
			inputPaths = (
				"${PODS_PODFILE_DIR_PATH}/Podfile.lock",
				"${PODS_ROOT}/Manifest.lock",
			);
			name = "[CP] Check Pods Manifest.lock";
			outputFileListPaths = (
			);
			outputPaths = (
				"$(DERIVED_FILE_DIR)/Pods-MiraclePills-checkManifestLockResult.txt",
			);
			runOnlyForDeploymentPostprocessing = 0;
			shellPath = /bin/sh;
			shellScript = "diff \"${PODS_PODFILE_DIR_PATH}/Podfile.lock\" \"${PODS_ROOT}/Manifest.lock\" > /dev/null\nif [ $? != 0 ] ; then\n    # print error to STDERR\n    echo \"error: The sandbox is not in sync with the Podfile.lock. Run 'pod install' or update your CocoaPods installation.\" >&2\n    exit 1\nfi\n# This output is used by Xcode 'outputs' to avoid re-running this script phase.\necho \"SUCCESS\" > \"${SCRIPT_OUTPUT_FILE_0}\"\n";
			showEnvVarsInLog = 0;
		};
		7B3AB0C8955168E71E8E43CA /* [CP] Embed Pods Frameworks */ = {
			isa = PBXShellScriptBuildPhase;
			buildActionMask = 2147483647;
			files = (
			);
			inputFileListPaths = (
				"${PODS_ROOT}/Target Support Files/Pods-MiraclePills-MiraclePillsUITests/Pods-MiraclePills-MiraclePillsUITests-frameworks-${CONFIGURATION}-input-files.xcfilelist",
			);
			name = "[CP] Embed Pods Frameworks";
			outputFileListPaths = (
				"${PODS_ROOT}/Target Support Files/Pods-MiraclePills-MiraclePillsUITests/Pods-MiraclePills-MiraclePillsUITests-frameworks-${CONFIGURATION}-output-files.xcfilelist",
			);
			runOnlyForDeploymentPostprocessing = 0;
			shellPath = /bin/sh;
			shellScript = "\"${PODS_ROOT}/Target Support Files/Pods-MiraclePills-MiraclePillsUITests/Pods-MiraclePills-MiraclePillsUITests-frameworks.sh\"\n";
			showEnvVarsInLog = 0;
		};
		A3262FCE62385DA2BA7E6883 /* [CP] Check Pods Manifest.lock */ = {
			isa = PBXShellScriptBuildPhase;
			buildActionMask = 2147483647;
			files = (
			);
			inputFileListPaths = (
			);
			inputPaths = (
				"${PODS_PODFILE_DIR_PATH}/Podfile.lock",
				"${PODS_ROOT}/Manifest.lock",
			);
			name = "[CP] Check Pods Manifest.lock";
			outputFileListPaths = (
			);
			outputPaths = (
				"$(DERIVED_FILE_DIR)/Pods-MiraclePills-MiraclePillsUITests-checkManifestLockResult.txt",
			);
			runOnlyForDeploymentPostprocessing = 0;
			shellPath = /bin/sh;
			shellScript = "diff \"${PODS_PODFILE_DIR_PATH}/Podfile.lock\" \"${PODS_ROOT}/Manifest.lock\" > /dev/null\nif [ $? != 0 ] ; then\n    # print error to STDERR\n    echo \"error: The sandbox is not in sync with the Podfile.lock. Run 'pod install' or update your CocoaPods installation.\" >&2\n    exit 1\nfi\n# This output is used by Xcode 'outputs' to avoid re-running this script phase.\necho \"SUCCESS\" > \"${SCRIPT_OUTPUT_FILE_0}\"\n";
			showEnvVarsInLog = 0;
		};
/* End PBXShellScriptBuildPhase section */

/* Begin PBXSourcesBuildPhase section */
		7ECED4D6245217C60094DB0E /* Sources */ = {
			isa = PBXSourcesBuildPhase;
			buildActionMask = 2147483647;
			files = (
				7ECED4E2245217C60094DB0E /* ViewController.swift in Sources */,
				7ECED4DE245217C60094DB0E /* AppDelegate.swift in Sources */,
				7ECED4E0245217C60094DB0E /* SceneDelegate.swift in Sources */,
			);
			runOnlyForDeploymentPostprocessing = 0;
		};
		7ECED4EC245217C90094DB0E /* Sources */ = {
			isa = PBXSourcesBuildPhase;
			buildActionMask = 2147483647;
			files = (
				7ECED4F5245217C90094DB0E /* MiraclePillsTests.swift in Sources */,
			);
			runOnlyForDeploymentPostprocessing = 0;
		};
		7ECED4F7245217C90094DB0E /* Sources */ = {
			isa = PBXSourcesBuildPhase;
			buildActionMask = 2147483647;
			files = (
				7ECED500245217C90094DB0E /* MiraclePillsUITests.swift in Sources */,
			);
			runOnlyForDeploymentPostprocessing = 0;
		};
/* End PBXSourcesBuildPhase section */

/* Begin PBXTargetDependency section */
		7ECED4F2245217C90094DB0E /* PBXTargetDependency */ = {
			isa = PBXTargetDependency;
			target = 7ECED4D9245217C60094DB0E /* MiraclePills */;
			targetProxy = 7ECED4F1245217C90094DB0E /* PBXContainerItemProxy */;
		};
		7ECED4FD245217C90094DB0E /* PBXTargetDependency */ = {
			isa = PBXTargetDependency;
			target = 7ECED4D9245217C60094DB0E /* MiraclePills */;
			targetProxy = 7ECED4FC245217C90094DB0E /* PBXContainerItemProxy */;
		};
/* End PBXTargetDependency section */

/* Begin PBXVariantGroup section */
		7ECED4E3245217C60094DB0E /* Main.storyboard */ = {
			isa = PBXVariantGroup;
			children = (
				7ECED4E4245217C60094DB0E /* Base */,
			);
			name = Main.storyboard;
			sourceTree = "<group>";
		};
		7ECED4E8245217C90094DB0E /* LaunchScreen.storyboard */ = {
			isa = PBXVariantGroup;
			children = (
				7ECED4E9245217C90094DB0E /* Base */,
			);
			name = LaunchScreen.storyboard;
			sourceTree = "<group>";
		};
/* End PBXVariantGroup section */

/* Begin XCBuildConfiguration section */
		7ECED502245217C90094DB0E /* Debug */ = {
			isa = XCBuildConfiguration;
			buildSettings = {
				ALWAYS_SEARCH_USER_PATHS = NO;
				CLANG_ANALYZER_NONNULL = YES;
				CLANG_ANALYZER_NUMBER_OBJECT_CONVERSION = YES_AGGRESSIVE;
				CLANG_CXX_LANGUAGE_STANDARD = "gnu++14";
				CLANG_CXX_LIBRARY = "libc++";
				CLANG_ENABLE_MODULES = YES;
				CLANG_ENABLE_OBJC_ARC = YES;
				CLANG_ENABLE_OBJC_WEAK = YES;
				CLANG_WARN_BLOCK_CAPTURE_AUTORELEASING = YES;
				CLANG_WARN_BOOL_CONVERSION = YES;
				CLANG_WARN_COMMA = YES;
				CLANG_WARN_CONSTANT_CONVERSION = YES;
				CLANG_WARN_DEPRECATED_OBJC_IMPLEMENTATIONS = YES;
				CLANG_WARN_DIRECT_OBJC_ISA_USAGE = YES_ERROR;
				CLANG_WARN_DOCUMENTATION_COMMENTS = YES;
				CLANG_WARN_EMPTY_BODY = YES;
				CLANG_WARN_ENUM_CONVERSION = YES;
				CLANG_WARN_INFINITE_RECURSION = YES;
				CLANG_WARN_INT_CONVERSION = YES;
				CLANG_WARN_NON_LITERAL_NULL_CONVERSION = YES;
				CLANG_WARN_OBJC_IMPLICIT_RETAIN_SELF = YES;
				CLANG_WARN_OBJC_LITERAL_CONVERSION = YES;
				CLANG_WARN_OBJC_ROOT_CLASS = YES_ERROR;
				CLANG_WARN_RANGE_LOOP_ANALYSIS = YES;
				CLANG_WARN_STRICT_PROTOTYPES = YES;
				CLANG_WARN_SUSPICIOUS_MOVE = YES;
				CLANG_WARN_UNGUARDED_AVAILABILITY = YES_AGGRESSIVE;
				CLANG_WARN_UNREACHABLE_CODE = YES;
				CLANG_WARN__DUPLICATE_METHOD_MATCH = YES;
				COPY_PHASE_STRIP = NO;
				DEBUG_INFORMATION_FORMAT = dwarf;
				ENABLE_STRICT_OBJC_MSGSEND = YES;
				ENABLE_TESTABILITY = YES;
				GCC_C_LANGUAGE_STANDARD = gnu11;
				GCC_DYNAMIC_NO_PIC = NO;
				GCC_NO_COMMON_BLOCKS = YES;
				GCC_OPTIMIZATION_LEVEL = 0;
				GCC_PREPROCESSOR_DEFINITIONS = (
					"DEBUG=1",
					"$(inherited)",
				);
				GCC_WARN_64_TO_32_BIT_CONVERSION = YES;
				GCC_WARN_ABOUT_RETURN_TYPE = YES_ERROR;
				GCC_WARN_UNDECLARED_SELECTOR = YES;
				GCC_WARN_UNINITIALIZED_AUTOS = YES_AGGRESSIVE;
				GCC_WARN_UNUSED_FUNCTION = YES;
				GCC_WARN_UNUSED_VARIABLE = YES;
				IPHONEOS_DEPLOYMENT_TARGET = 13.2;
				MTL_ENABLE_DEBUG_INFO = INCLUDE_SOURCE;
				MTL_FAST_MATH = YES;
				ONLY_ACTIVE_ARCH = YES;
				SDKROOT = iphoneos;
				SWIFT_ACTIVE_COMPILATION_CONDITIONS = DEBUG;
				SWIFT_OPTIMIZATION_LEVEL = "-Onone";
			};
			name = Debug;
		};
		7ECED503245217C90094DB0E /* Release */ = {
			isa = XCBuildConfiguration;
			buildSettings = {
				ALWAYS_SEARCH_USER_PATHS = NO;
				CLANG_ANALYZER_NONNULL = YES;
				CLANG_ANALYZER_NUMBER_OBJECT_CONVERSION = YES_AGGRESSIVE;
				CLANG_CXX_LANGUAGE_STANDARD = "gnu++14";
				CLANG_CXX_LIBRARY = "libc++";
				CLANG_ENABLE_MODULES = YES;
				CLANG_ENABLE_OBJC_ARC = YES;
				CLANG_ENABLE_OBJC_WEAK = YES;
				CLANG_WARN_BLOCK_CAPTURE_AUTORELEASING = YES;
				CLANG_WARN_BOOL_CONVERSION = YES;
				CLANG_WARN_COMMA = YES;
				CLANG_WARN_CONSTANT_CONVERSION = YES;
				CLANG_WARN_DEPRECATED_OBJC_IMPLEMENTATIONS = YES;
				CLANG_WARN_DIRECT_OBJC_ISA_USAGE = YES_ERROR;
				CLANG_WARN_DOCUMENTATION_COMMENTS = YES;
				CLANG_WARN_EMPTY_BODY = YES;
				CLANG_WARN_ENUM_CONVERSION = YES;
				CLANG_WARN_INFINITE_RECURSION = YES;
				CLANG_WARN_INT_CONVERSION = YES;
				CLANG_WARN_NON_LITERAL_NULL_CONVERSION = YES;
				CLANG_WARN_OBJC_IMPLICIT_RETAIN_SELF = YES;
				CLANG_WARN_OBJC_LITERAL_CONVERSION = YES;
				CLANG_WARN_OBJC_ROOT_CLASS = YES_ERROR;
				CLANG_WARN_RANGE_LOOP_ANALYSIS = YES;
				CLANG_WARN_STRICT_PROTOTYPES = YES;
				CLANG_WARN_SUSPICIOUS_MOVE = YES;
				CLANG_WARN_UNGUARDED_AVAILABILITY = YES_AGGRESSIVE;
				CLANG_WARN_UNREACHABLE_CODE = YES;
				CLANG_WARN__DUPLICATE_METHOD_MATCH = YES;
				COPY_PHASE_STRIP = NO;
				DEBUG_INFORMATION_FORMAT = "dwarf-with-dsym";
				ENABLE_NS_ASSERTIONS = NO;
				ENABLE_STRICT_OBJC_MSGSEND = YES;
				GCC_C_LANGUAGE_STANDARD = gnu11;
				GCC_NO_COMMON_BLOCKS = YES;
				GCC_WARN_64_TO_32_BIT_CONVERSION = YES;
				GCC_WARN_ABOUT_RETURN_TYPE = YES_ERROR;
				GCC_WARN_UNDECLARED_SELECTOR = YES;
				GCC_WARN_UNINITIALIZED_AUTOS = YES_AGGRESSIVE;
				GCC_WARN_UNUSED_FUNCTION = YES;
				GCC_WARN_UNUSED_VARIABLE = YES;
				IPHONEOS_DEPLOYMENT_TARGET = 13.2;
				MTL_ENABLE_DEBUG_INFO = NO;
				MTL_FAST_MATH = YES;
				SDKROOT = iphoneos;
				SWIFT_COMPILATION_MODE = wholemodule;
				SWIFT_OPTIMIZATION_LEVEL = "-O";
				VALIDATE_PRODUCT = YES;
			};
			name = Release;
		};
		7ECED505245217C90094DB0E /* Debug */ = {
			isa = XCBuildConfiguration;
			baseConfigurationReference = CE80CF3B5630D7A59C635D70 /* Pods-MiraclePills.debug.xcconfig */;
			buildSettings = {
				ASSETCATALOG_COMPILER_APPICON_NAME = AppIcon;
				CODE_SIGN_STYLE = Automatic;
				DEVELOPMENT_TEAM = 26G7X62A2N;
				INFOPLIST_FILE = MiraclePills/Info.plist;
				IPHONEOS_DEPLOYMENT_TARGET = 13.4;
				LD_RUNPATH_SEARCH_PATHS = (
					"$(inherited)",
					"@executable_path/Frameworks",
				);
				PRODUCT_BUNDLE_IDENTIFIER = com.test.MiraclePills;
				PRODUCT_NAME = "$(TARGET_NAME)";
				SWIFT_VERSION = 5.0;
				TARGETED_DEVICE_FAMILY = "1,2";
			};
			name = Debug;
		};
		7ECED506245217C90094DB0E /* Release */ = {
			isa = XCBuildConfiguration;
			baseConfigurationReference = DC59D5E253D57B8914E63EAE /* Pods-MiraclePills.release.xcconfig */;
			buildSettings = {
				ASSETCATALOG_COMPILER_APPICON_NAME = AppIcon;
				CODE_SIGN_STYLE = Automatic;
				DEVELOPMENT_TEAM = 26G7X62A2N;
				INFOPLIST_FILE = MiraclePills/Info.plist;
				IPHONEOS_DEPLOYMENT_TARGET = 13.4;
				LD_RUNPATH_SEARCH_PATHS = (
					"$(inherited)",
					"@executable_path/Frameworks",
				);
				PRODUCT_BUNDLE_IDENTIFIER = com.test.MiraclePills;
				PRODUCT_NAME = "$(TARGET_NAME)";
				SWIFT_VERSION = 5.0;
				TARGETED_DEVICE_FAMILY = "1,2";
			};
			name = Release;
		};
		7ECED508245217C90094DB0E /* Debug */ = {
			isa = XCBuildConfiguration;
			baseConfigurationReference = 1DF0CD2D7C1816DCEED03723 /* Pods-MiraclePillsTests.debug.xcconfig */;
			buildSettings = {
				ALWAYS_EMBED_SWIFT_STANDARD_LIBRARIES = YES;
				BUNDLE_LOADER = "$(TEST_HOST)";
				CODE_SIGN_STYLE = Automatic;
				INFOPLIST_FILE = MiraclePillsTests/Info.plist;
				IPHONEOS_DEPLOYMENT_TARGET = 13.2;
				LD_RUNPATH_SEARCH_PATHS = (
					"$(inherited)",
					"@executable_path/Frameworks",
					"@loader_path/Frameworks",
				);
				PRODUCT_BUNDLE_IDENTIFIER = com.test.MiraclePillsTests;
				PRODUCT_NAME = "$(TARGET_NAME)";
				SWIFT_VERSION = 5.0;
				TARGETED_DEVICE_FAMILY = "1,2";
				TEST_HOST = "$(BUILT_PRODUCTS_DIR)/MiraclePills.app/MiraclePills";
			};
			name = Debug;
		};
		7ECED509245217C90094DB0E /* Release */ = {
			isa = XCBuildConfiguration;
			baseConfigurationReference = 55D943BAA338EC8F31B5D82A /* Pods-MiraclePillsTests.release.xcconfig */;
			buildSettings = {
				ALWAYS_EMBED_SWIFT_STANDARD_LIBRARIES = YES;
				BUNDLE_LOADER = "$(TEST_HOST)";
				CODE_SIGN_STYLE = Automatic;
				INFOPLIST_FILE = MiraclePillsTests/Info.plist;
				IPHONEOS_DEPLOYMENT_TARGET = 13.2;
				LD_RUNPATH_SEARCH_PATHS = (
					"$(inherited)",
					"@executable_path/Frameworks",
					"@loader_path/Frameworks",
				);
				PRODUCT_BUNDLE_IDENTIFIER = com.test.MiraclePillsTests;
				PRODUCT_NAME = "$(TARGET_NAME)";
				SWIFT_VERSION = 5.0;
				TARGETED_DEVICE_FAMILY = "1,2";
				TEST_HOST = "$(BUILT_PRODUCTS_DIR)/MiraclePills.app/MiraclePills";
			};
			name = Release;
		};
		7ECED50B245217C90094DB0E /* Debug */ = {
			isa = XCBuildConfiguration;
			baseConfigurationReference = 2929F0DD54E45C6D020C7D71 /* Pods-MiraclePills-MiraclePillsUITests.debug.xcconfig */;
			buildSettings = {
				ALWAYS_EMBED_SWIFT_STANDARD_LIBRARIES = YES;
				CODE_SIGN_STYLE = Automatic;
				INFOPLIST_FILE = MiraclePillsUITests/Info.plist;
				LD_RUNPATH_SEARCH_PATHS = (
					"$(inherited)",
					"@executable_path/Frameworks",
					"@loader_path/Frameworks",
				);
				PRODUCT_BUNDLE_IDENTIFIER = com.test.MiraclePillsUITests;
				PRODUCT_NAME = "$(TARGET_NAME)";
				SWIFT_VERSION = 5.0;
				TARGETED_DEVICE_FAMILY = "1,2";
				TEST_TARGET_NAME = MiraclePills;
			};
			name = Debug;
		};
		7ECED50C245217C90094DB0E /* Release */ = {
			isa = XCBuildConfiguration;
			baseConfigurationReference = 709DF1E8ED6E98ECE99BD199 /* Pods-MiraclePills-MiraclePillsUITests.release.xcconfig */;
			buildSettings = {
				ALWAYS_EMBED_SWIFT_STANDARD_LIBRARIES = YES;
				CODE_SIGN_STYLE = Automatic;
				INFOPLIST_FILE = MiraclePillsUITests/Info.plist;
				LD_RUNPATH_SEARCH_PATHS = (
					"$(inherited)",
					"@executable_path/Frameworks",
					"@loader_path/Frameworks",
				);
				PRODUCT_BUNDLE_IDENTIFIER = com.test.MiraclePillsUITests;
				PRODUCT_NAME = "$(TARGET_NAME)";
				SWIFT_VERSION = 5.0;
				TARGETED_DEVICE_FAMILY = "1,2";
				TEST_TARGET_NAME = MiraclePills;
			};
			name = Release;
		};
/* End XCBuildConfiguration section */

/* Begin XCConfigurationList section */
		7ECED4D5245217C60094DB0E /* Build configuration list for PBXProject "MiraclePills" */ = {
			isa = XCConfigurationList;
			buildConfigurations = (
				7ECED502245217C90094DB0E /* Debug */,
				7ECED503245217C90094DB0E /* Release */,
			);
			defaultConfigurationIsVisible = 0;
			defaultConfigurationName = Release;
		};
		7ECED504245217C90094DB0E /* Build configuration list for PBXNativeTarget "MiraclePills" */ = {
			isa = XCConfigurationList;
			buildConfigurations = (
				7ECED505245217C90094DB0E /* Debug */,
				7ECED506245217C90094DB0E /* Release */,
			);
			defaultConfigurationIsVisible = 0;
			defaultConfigurationName = Release;
		};
		7ECED507245217C90094DB0E /* Build configuration list for PBXNativeTarget "MiraclePillsTests" */ = {
			isa = XCConfigurationList;
			buildConfigurations = (
				7ECED508245217C90094DB0E /* Debug */,
				7ECED509245217C90094DB0E /* Release */,
			);
			defaultConfigurationIsVisible = 0;
			defaultConfigurationName = Release;
		};
		7ECED50A245217C90094DB0E /* Build configuration list for PBXNativeTarget "MiraclePillsUITests" */ = {
			isa = XCConfigurationList;
			buildConfigurations = (
				7ECED50B245217C90094DB0E /* Debug */,
				7ECED50C245217C90094DB0E /* Release */,
			);
			defaultConfigurationIsVisible = 0;
			defaultConfigurationName = Release;
		};
/* End XCConfigurationList section */
	};
	rootObject = 7ECED4D2245217C60094DB0E /* Project object */;
}
